
Microsoft Visual Studio Solution File, Format Version 12.00
# Visual Studio Version 17
VisualStudioVersion = 17.13.35931.197
MinimumVisualStudioVersion = 10.0.40219.1
Project("{FAE04EC0-301F-11D3-BF4B-00C04F79EFBC}") = "Presentation", "Presentation\Presentation.csproj", "{90104AAD-0E41-4225-B0A3-6E9DE759D6A5}"
EndProject
Project("{FAE04EC0-301F-11D3-BF4B-00C04F79EFBC}") = "DAL", "DAL\DAL.csproj", "{1FB6DBBD-7AF1-4B47-BF69-410CCF9E2612}"
EndProject
Project("{FAE04EC0-301F-11D3-BF4B-00C04F79EFBC}") = "BLL", "BLL\BLL.csproj", "{5B316FF8-9CA8-4563-AF66-75C8C6ABADF8}"
EndProject
Project("{FAE04EC0-301F-11D3-BF4B-00C04F79EFBC}") = "Common", "Utilities\Common.csproj", "{CC0E2E68-9062-4AB3-BDE4-B8F6A025504B}"
EndProject
Global
	GlobalSection(SolutionConfigurationPlatforms) = preSolution
		Debug|Any CPU = Debug|Any CPU
		Release|Any CPU = Release|Any CPU
	EndGlobalSection
	GlobalSection(ProjectConfigurationPlatforms) = postSolution
		{90104AAD-0E41-4225-B0A3-6E9DE759D6A5}.Debug|Any CPU.ActiveCfg = Debug|Any CPU
		{90104AAD-0E41-4225-B0A3-6E9DE759D6A5}.Debug|Any CPU.Build.0 = Debug|Any CPU
		{90104AAD-0E41-4225-B0A3-6E9DE759D6A5}.Release|Any CPU.ActiveCfg = Release|Any CPU
		{90104AAD-0E41-4225-B0A3-6E9DE759D6A5}.Release|Any CPU.Build.0 = Release|Any CPU
		{1FB6DBBD-7AF1-4B47-BF69-410CCF9E2612}.Debug|Any CPU.ActiveCfg = Debug|Any CPU
		{1FB6DBBD-7AF1-4B47-BF69-410CCF9E2612}.Debug|Any CPU.Build.0 = Debug|Any CPU
		{1FB6DBBD-7AF1-4B47-BF69-410CCF9E2612}.Release|Any CPU.ActiveCfg = Release|Any CPU
		{1FB6DBBD-7AF1-4B47-BF69-410CCF9E2612}.Release|Any CPU.Build.0 = Release|Any CPU
		{5B316FF8-9CA8-4563-AF66-75C8C6ABADF8}.Debug|Any CPU.ActiveCfg = Debug|Any CPU
		{5B316FF8-9CA8-4563-AF66-75C8C6ABADF8}.Debug|Any CPU.Build.0 = Debug|Any CPU
		{5B316FF8-9CA8-4563-AF66-75C8C6ABADF8}.Release|Any CPU.ActiveCfg = Release|Any CPU
		{5B316FF8-9CA8-4563-AF66-75C8C6ABADF8}.Release|Any CPU.Build.0 = Release|Any CPU
		{CC0E2E68-9062-4AB3-BDE4-B8F6A025504B}.Debug|Any CPU.ActiveCfg = Debug|Any CPU
		{CC0E2E68-9062-4AB3-BDE4-B8F6A025504B}.Debug|Any CPU.Build.0 = Debug|Any CPU
		{CC0E2E68-9062-4AB3-BDE4-B8F6A025504B}.Release|Any CPU.ActiveCfg = Release|Any CPU
		{CC0E2E68-9062-4AB3-BDE4-B8F6A025504B}.Release|Any CPU.Build.0 = Release|Any CPU
	EndGlobalSection
	GlobalSection(SolutionProperties) = preSolution
		HideSolutionNode = FALSE
	EndGlobalSection
	GlobalSection(ExtensibilityGlobals) = postSolution
		SolutionGuid = {CE388802-1C9C-4E4D-A356-665A9918809B}
	EndGlobalSection
EndGlobal
